
Microsoft Visual Studio Solution File, Format Version 12.00
# Visual Studio 15
VisualStudioVersion = 15.0.28010.0
MinimumVisualStudioVersion = 10.0.40219.1
Project("{FAE04EC0-301F-11D3-BF4B-00C04F79EFBC}") = "WindowsFormsApp1", "WindowsFormsApp1\WindowsFormsApp1.csproj", "{C245BF65-5D55-4532-B6EA-FD3115954E47}"
EndProject
Global
	GlobalSection(SolutionConfigurationPlatforms) = preSolution
		Debug|Any CPU = Debug|Any CPU
		Release|Any CPU = Release|Any CPU
	EndGlobalSection
	GlobalSection(ProjectConfigurationPlatforms) = postSolution
		{C245BF65-5D55-4532-B6EA-FD3115954E47}.Debug|Any CPU.ActiveCfg = Debug|Any CPU
		{C245BF65-5D55-4532-B6EA-FD3115954E47}.Debug|Any CPU.Build.0 = Debug|Any CPU
		{C245BF65-5D55-4532-B6EA-FD3115954E47}.Release|Any CPU.ActiveCfg = Release|Any CPU
		{C245BF65-5D55-4532-B6EA-FD3115954E47}.Release|Any CPU.Build.0 = Release|Any CPU
	EndGlobalSection
	GlobalSection(SolutionProperties) = preSolution
		HideSolutionNode = FALSE
	EndGlobalSection
	GlobalSection(ExtensibilityGlobals) = postSolution
		SolutionGuid = {59CC7659-8D9B-4BCD-8AFB-9E41C51CD097}
	EndGlobalSection
EndGlobal
